# This file was autogenerated by Stack.
# You should not edit this file by hand.
# For more information, please see the documentation at:
#   https://docs.haskellstack.org/en/stable/lock_files

packages:
- completed:
    hackage: h-raylib-5.1.0.1@sha256:6e418336b613572c7c58139ceea170db7d1524d0f2675e89cc8bf1f56736ab93,6641
    pantry-tree:
      sha256: 547cae3f724b34038fd5d23a75b8321b02185da9f27aa23ee3904121c8d744bc
      size: 28250
  original:
    hackage: h-raylib-5.1.0.1@sha256:6e418336b613572c7c58139ceea170db7d1524d0f2675e89cc8bf1f56736ab93,6641
snapshots:
- completed:
    sha256: 2fdd7d3e54540062ef75ca0a73ca3a804c527dbf8a4cadafabf340e66ac4af40
    size: 712469
    url: https://raw.githubusercontent.com/commercialhaskell/stackage-snapshots/master/lts/22/11.yaml
  original:
    url: https://raw.githubusercontent.com/commercialhaskell/stackage-snapshots/master/lts/22/11.yaml
